
Microsoft Visual Studio Solution File, Format Version 12.00
# Visual Studio Version 17
VisualStudioVersion = 17.11.35208.52
MinimumVisualStudioVersion = 10.0.40219.1
Project("{FAE04EC0-301F-11D3-BF4B-00C04F79EFBC}") = "PostgreSqlBenchmark", "PostgreSqlBenchmark.csproj", "{844AFFEB-62C1-45F9-AF70-9574D8FAD385}"
EndProject
Global
	GlobalSection(SolutionConfigurationPlatforms) = preSolution
		Debug|Any CPU = Debug|Any CPU
		Release|Any CPU = Release|Any CPU
	EndGlobalSection
	GlobalSection(ProjectConfigurationPlatforms) = postSolution
		{844AFFEB-62C1-45F9-AF70-9574D8FAD385}.Debug|Any CPU.ActiveCfg = Debug|Any CPU
		{844AFFEB-62C1-45F9-AF70-9574D8FAD385}.Debug|Any CPU.Build.0 = Debug|Any CPU
		{844AFFEB-62C1-45F9-AF70-9574D8FAD385}.Release|Any CPU.ActiveCfg = Release|Any CPU
		{844AFFEB-62C1-45F9-AF70-9574D8FAD385}.Release|Any CPU.Build.0 = Release|Any CPU
	EndGlobalSection
	GlobalSection(SolutionProperties) = preSolution
		HideSolutionNode = FALSE
	EndGlobalSection
	GlobalSection(ExtensibilityGlobals) = postSolution
		SolutionGuid = {8DA55198-9E25-4200-BF81-8C6851774DDE}
	EndGlobalSection
EndGlobal
